{
  "nodes": {
    "nixpkgs": {
      "locked": {
        "lastModified": 1736217644,
        "narHash": "sha256-0BDQdKXpbuZU8iAkWQqF0F69li32lM544mS+N/qTwYg=",
        "owner": "NixOS",
        "repo": "nixpkgs",
        "rev": "f3dfdd4524133cfaadb7b2df11fc99efbf2b71c1",
        "type": "github"
      },
      "original": {
        "owner": "NixOS",
        "repo": "nixpkgs",
        "type": "github"
      }
    },
    "root": {
      "inputs": {
        "nixpkgs": "nixpkgs"
      }
    }
  },
  "root": "root",
  "version": 7
}
